// !$*UTF8*$!
{
	archiveVersion = 1;
	classes = {
	};
	objectVersion = 46;
	objects = {

/* Begin PBXBuildFile section */
		52AA6DF71CCA974E00C87DA8 /* AppDelegate.swift in Sources */ = {isa = PBXBuildFile; fileRef = 52AA6DF61CCA974E00C87DA8 /* AppDelegate.swift */; };
		52AA6DF91CCA974E00C87DA8 /* ViewController.swift in Sources */ = {isa = PBXBuildFile; fileRef = 52AA6DF81CCA974E00C87DA8 /* ViewController.swift */; };
		52AA6DFC1CCA974E00C87DA8 /* Main.storyboard in Resources */ = {isa = PBXBuildFile; fileRef = 52AA6DFA1CCA974E00C87DA8 /* Main.storyboard */; };
		52AA6DFE1CCA974E00C87DA8 /* Assets.xcassets in Resources */ = {isa = PBXBuildFile; fileRef = 52AA6DFD1CCA974E00C87DA8 /* Assets.xcassets */; };
		52AA6E011CCA974E00C87DA8 /* LaunchScreen.storyboard in Resources */ = {isa = PBXBuildFile; fileRef = 52AA6DFF1CCA974E00C87DA8 /* LaunchScreen.storyboard */; };
/* End PBXBuildFile section */

/* Begin PBXFileReference section */
		52AA6DF31CCA974E00C87DA8 /* Ratings.app */ = {isa = PBXFileReference; explicitFileType = wrapper.application; includeInIndex = 0; path = Ratings.app; sourceTree = BUILT_PRODUCTS_DIR; };
		52AA6DF61CCA974E00C87DA8 /* AppDelegate.swift */ = {isa = PBXFileReference; lastKnownFileType = sourcecode.swift; path = AppDelegate.swift; sourceTree = "<group>"; };
		52AA6DF81CCA974E00C87DA8 /* ViewController.swift */ = {isa = PBXFileReference; lastKnownFileType = sourcecode.swift; path = ViewController.swift; sourceTree = "<group>"; };
		52AA6DFB1CCA974E00C87DA8 /* Base */ = {isa = PBXFileReference; lastKnownFileType = file.storyboard; name = Base; path = Base.lproj/Main.storyboard; sourceTree = "<group>"; };
		52AA6DFD1CCA974E00C87DA8 /* Assets.xcassets */ = {isa = PBXFileReference; lastKnownFileType = folder.assetcatalog; path = Assets.xcassets; sourceTree = "<group>"; };
		52AA6E001CCA974E00C87DA8 /* Base */ = {isa = PBXFileReference; lastKnownFileType = file.storyboard; name = Base; path = Base.lproj/LaunchScreen.storyboard; sourceTree = "<group>"; };
		52AA6E021CCA974E00C87DA8 /* Info.plist */ = {isa = PBXFileReference; lastKnownFileType = text.plist.xml; path = Info.plist; sourceTree = "<group>"; };
/* End PBXFileReference section */

/* Begin PBXFrameworksBuildPhase section */
		52AA6DF01CCA974E00C87DA8 /* Frameworks */ = {
			isa = PBXFrameworksBuildPhase;
			buildActionMask = 2147483647;
			files = (
			);
			runOnlyForDeploymentPostprocessing = 0;
		};
/* End PBXFrameworksBuildPhase section */

/* Begin PBXGroup section */
		52AA6DEA1CCA974E00C87DA8 = {
			isa = PBXGroup;
			children = (
				52AA6DF51CCA974E00C87DA8 /* Ratings */,
				52AA6DF41CCA974E00C87DA8 /* Products */,
			);
			sourceTree = "<group>";
		};
		52AA6DF41CCA974E00C87DA8 /* Products */ = {
			isa = PBXGroup;
			children = (
				52AA6DF31CCA974E00C87DA8 /* Ratings.app */,
			);
			name = Products;
			sourceTree = "<group>";
		};
		52AA6DF51CCA974E00C87DA8 /* Ratings */ = {
			isa = PBXGroup;
			children = (
				52AA6DF61CCA974E00C87DA8 /* AppDelegate.swift */,
				52AA6DF81CCA974E00C87DA8 /* ViewController.swift */,
				52AA6DFA1CCA974E00C87DA8 /* Main.storyboard */,
				52AA6DFD1CCA974E00C87DA8 /* Assets.xcassets */,
				52AA6DFF1CCA974E00C87DA8 /* LaunchScreen.storyboard */,
				52AA6E021CCA974E00C87DA8 /* Info.plist */,
			);
			path = Ratings;
			sourceTree = "<group>";
		};
/* End PBXGroup section */

/* Begin PBXNativeTarget section */
		52AA6DF21CCA974E00C87DA8 /* Ratings */ = {
			isa = PBXNativeTarget;
			buildConfigurationList = 52AA6E051CCA974E00C87DA8 /* Build configuration list for PBXNativeTarget "Ratings" */;
			buildPhases = (
				52AA6DEF1CCA974E00C87DA8 /* Sources */,
				52AA6DF01CCA974E00C87DA8 /* Frameworks */,
				52AA6DF11CCA974E00C87DA8 /* Resources */,
			);
			buildRules = (
			);
			dependencies = (
			);
			name = Ratings;
			productName = Ratings;
			productReference = 52AA6DF31CCA974E00C87DA8 /* Ratings.app */;
			productType = "com.apple.product-type.application";
		};
/* End PBXNativeTarget section */

/* Begin PBXProject section */
		52AA6DEB1CCA974E00C87DA8 /* Project object */ = {
			isa = PBXProject;
			attributes = {
				LastSwiftUpdateCheck = 0730;
				LastUpgradeCheck = 0730;
				ORGANIZATIONNAME = "Richard Harvey";
				TargetAttributes = {
					52AA6DF21CCA974E00C87DA8 = {
						CreatedOnToolsVersion = 7.3;
						DevelopmentTeam = 23D3323P45;
					};
				};
			};
			buildConfigurationList = 52AA6DEE1CCA974E00C87DA8 /* Build configuration list for PBXProject "Ratings" */;
			compatibilityVersion = "Xcode 3.2";
			developmentRegion = English;
			hasScannedForEncodings = 0;
			knownRegions = (
				en,
				Base,
			);
			mainGroup = 52AA6DEA1CCA974E00C87DA8;
			productRefGroup = 52AA6DF41CCA974E00C87DA8 /* Products */;
			projectDirPath = "";
			projectRoot = "";
			targets = (
				52AA6DF21CCA974E00C87DA8 /* Ratings */,
			);
		};
/* End PBXProject section */

/* Begin PBXResourcesBuildPhase section */
		52AA6DF11CCA974E00C87DA8 /* Resources */ = {
			isa = PBXResourcesBuildPhase;
			buildActionMask = 2147483647;
			files = (
				52AA6E011CCA974E00C87DA8 /* LaunchScreen.storyboard in Resources */,
				52AA6DFE1CCA974E00C87DA8 /* Assets.xcassets in Resources */,
				52AA6DFC1CCA974E00C87DA8 /* Main.storyboard in Resources */,
			);
			runOnlyForDeploymentPostprocessing = 0;
		};
/* End PBXResourcesBuildPhase section */

/* Begin PBXSourcesBuildPhase section */
		52AA6DEF1CCA974E00C87DA8 /* Sources */ = {
			isa = PBXSourcesBuildPhase;
			buildActionMask = 2147483647;
			files = (
				52AA6DF91CCA974E00C87DA8 /* ViewController.swift in Sources */,
				52AA6DF71CCA974E00C87DA8 /* AppDelegate.swift in Sources */,
			);
			runOnlyForDeploymentPostprocessing = 0;
		};
/* End PBXSourcesBuildPhase section */

/* Begin PBXVariantGroup section */
		52AA6DFA1CCA974E00C87DA8 /* Main.storyboard */ = {
			isa = PBXVariantGroup;
			children = (
				52AA6DFB1CCA974E00C87DA8 /* Base */,
			);
			name = Main.storyboard;
			sourceTree = "<group>";
		};
		52AA6DFF1CCA974E00C87DA8 /* LaunchScreen.storyboard */ = {
			isa = PBXVariantGroup;
			children = (
				52AA6E001CCA974E00C87DA8 /* Base */,
			);
			name = LaunchScreen.storyboard;
			sourceTree = "<group>";
		};
/* End PBXVariantGroup section */

/* Begin XCBuildConfiguration section */
		52AA6E031CCA974E00C87DA8 /* Debug */ = {
			isa = XCBuildConfiguration;
			buildSettings = {
				ALWAYS_SEARCH_USER_PATHS = NO;
				CLANG_ANALYZER_NONNULL = YES;
				CLANG_CXX_LANGUAGE_STANDARD = "gnu++0x";
				CLANG_CXX_LIBRARY = "libc++";
				CLANG_ENABLE_MODULES = YES;
				CLANG_ENABLE_OBJC_ARC = YES;
				CLANG_WARN_BOOL_CONVERSION = YES;
				CLANG_WARN_CONSTANT_CONVERSION = YES;
				CLANG_WARN_DIRECT_OBJC_ISA_USAGE = YES_ERROR;
				CLANG_WARN_EMPTY_BODY = YES;
				CLANG_WARN_ENUM_CONVERSION = YES;
				CLANG_WARN_INT_CONVERSION = YES;
				CLANG_WARN_OBJC_ROOT_CLASS = YES_ERROR;
				CLANG_WARN_UNREACHABLE_CODE = YES;
				CLANG_WARN__DUPLICATE_METHOD_MATCH = YES;
				"CODE_SIGN_IDENTITY[sdk=iphoneos*]" = "iPhone Developer";
				COPY_PHASE_STRIP = NO;
				DEBUG_INFORMATION_FORMAT = dwarf;
				ENABLE_STRICT_OBJC_MSGSEND = YES;
				ENABLE_TESTABILITY = YES;
				GCC_C_LANGUAGE_STANDARD = gnu99;
				GCC_DYNAMIC_NO_PIC = NO;
				GCC_NO_COMMON_BLOCKS = YES;
				GCC_OPTIMIZATION_LEVEL = 0;
				GCC_PREPROCESSOR_DEFINITIONS = (
					"DEBUG=1",
					"$(inherited)",
				);
				GCC_WARN_64_TO_32_BIT_CONVERSION = YES;
				GCC_WARN_ABOUT_RETURN_TYPE = YES_ERROR;
				GCC_WARN_UNDECLARED_SELECTOR = YES;
				GCC_WARN_UNINITIALIZED_AUTOS = YES_AGGRESSIVE;
				GCC_WARN_UNUSED_FUNCTION = YES;
				GCC_WARN_UNUSED_VARIABLE = YES;
				IPHONEOS_DEPLOYMENT_TARGET = 9.3;
				MTL_ENABLE_DEBUG_INFO = YES;
				ONLY_ACTIVE_ARCH = YES;
				SDKROOT = iphoneos;
				SWIFT_OPTIMIZATION_LEVEL = "-Onone";
			};
			name = Debug;
		};
		52AA6E041CCA974E00C87DA8 /* Release */ = {
			isa = XCBuildConfiguration;
			buildSettings = {
				ALWAYS_SEARCH_USER_PATHS = NO;
				CLANG_ANALYZER_NONNULL = YES;
				CLANG_CXX_LANGUAGE_STANDARD = "gnu++0x";
				CLANG_CXX_LIBRARY = "libc++";
				CLANG_ENABLE_MODULES = YES;
				CLANG_ENABLE_OBJC_ARC = YES;
				CLANG_WARN_BOOL_CONVERSION = YES;
				CLANG_WARN_CONSTANT_CONVERSION = YES;
				CLANG_WARN_DIRECT_OBJC_ISA_USAGE = YES_ERROR;
				CLANG_WARN_EMPTY_BODY = YES;
				CLANG_WARN_ENUM_CONVERSION = YES;
				CLANG_WARN_INT_CONVERSION = YES;
				CLANG_WARN_OBJC_ROOT_CLASS = YES_ERROR;
				CLANG_WARN_UNREACHABLE_CODE = YES;
				CLANG_WARN__DUPLICATE_METHOD_MATCH = YES;
				"CODE_SIGN_IDENTITY[sdk=iphoneos*]" = "iPhone Developer";
				COPY_PHASE_STRIP = NO;
				DEBUG_INFORMATION_FORMAT = "dwarf-with-dsym";
				ENABLE_NS_ASSERTIONS = NO;
				ENABLE_STRICT_OBJC_MSGSEND = YES;
				GCC_C_LANGUAGE_STANDARD = gnu99;
				GCC_NO_COMMON_BLOCKS = YES;
				GCC_WARN_64_TO_32_BIT_CONVERSION = YES;
				GCC_WARN_ABOUT_RETURN_TYPE = YES_ERROR;
				GCC_WARN_UNDECLARED_SELECTOR = YES;
				GCC_WARN_UNINITIALIZED_AUTOS = YES_AGGRESSIVE;
				GCC_WARN_UNUSED_FUNCTION = YES;
				GCC_WARN_UNUSED_VARIABLE = YES;
				IPHONEOS_DEPLOYMENT_TARGET = 9.3;
				MTL_ENABLE_DEBUG_INFO = NO;
				SDKROOT = iphoneos;
				VALIDATE_PRODUCT = YES;
			};
			name = Release;
		};
		52AA6E061CCA974E00C87DA8 /* Debug */ = {
			isa = XCBuildConfiguration;
			buildSettings = {
				ASSETCATALOG_COMPILER_APPICON_NAME = AppIcon;
				INFOPLIST_FILE = Ratings/Info.plist;
				LD_RUNPATH_SEARCH_PATHS = "$(inherited) @executable_path/Frameworks";
				PRODUCT_BUNDLE_IDENTIFIER = com.RichardHarvey.Ratings;
				PRODUCT_NAME = "$(TARGET_NAME)";
			};
			name = Debug;
		};
		52AA6E071CCA974E00C87DA8 /* Release */ = {
			isa = XCBuildConfiguration;
			buildSettings = {
				ASSETCATALOG_COMPILER_APPICON_NAME = AppIcon;
				INFOPLIST_FILE = Ratings/Info.plist;
				LD_RUNPATH_SEARCH_PATHS = "$(inherited) @executable_path/Frameworks";
				PRODUCT_BUNDLE_IDENTIFIER = com.RichardHarvey.Ratings;
				PRODUCT_NAME = "$(TARGET_NAME)";
			};
			name = Release;
		};
/* End XCBuildConfiguration section */

/* Begin XCConfigurationList section */
		52AA6DEE1CCA974E00C87DA8 /* Build configuration list for PBXProject "Ratings" */ = {
			isa = XCConfigurationList;
			buildConfigurations = (
				52AA6E031CCA974E00C87DA8 /* Debug */,
				52AA6E041CCA974E00C87DA8 /* Release */,
			);
			defaultConfigurationIsVisible = 0;
			defaultConfigurationName = Release;
		};
		52AA6E051CCA974E00C87DA8 /* Build configuration list for PBXNativeTarget "Ratings" */ = {
			isa = XCConfigurationList;
			buildConfigurations = (
				52AA6E061CCA974E00C87DA8 /* Debug */,
				52AA6E071CCA974E00C87DA8 /* Release */,
			);
			defaultConfigurationIsVisible = 0;
		};
/* End XCConfigurationList section */
	};
	rootObject = 52AA6DEB1CCA974E00C87DA8 /* Project object */;
}
